
Microsoft Visual Studio Solution File, Format Version 12.00
# Visual Studio Version 17
VisualStudioVersion = 17.0.31903.59
MinimumVisualStudioVersion = 10.0.40219.1
Project("{FAE04EC0-301F-11D3-BF4B-00C04F79EFBC}") = "EmailIntelligence.Domain", "EmailIntelligence.Domain\EmailIntelligence.Domain.csproj", "{44B80527-44BB-4F47-B66E-A8A030E19AA7}"
EndProject
Project("{FAE04EC0-301F-11D3-BF4B-00C04F79EFBC}") = "EmailIntelligence.Infrastructure", "EmailIntelligence.Infrastructure\EmailIntelligence.Infrastructure.csproj", "{E7813885-6221-4C8E-A87D-3F27E5DEEB40}"
EndProject
Project("{FAE04EC0-301F-11D3-BF4B-00C04F79EFBC}") = "EmailIntelligence.Functions", "EmailIntelligence.Functions\EmailIntelligence.Functions.csproj", "{CC27DB09-66FC-487A-9167-DDC81CEEF69A}"
EndProject
Project("{2150E333-8FDC-42A3-9474-1A3956D46DE8}") = "SolutionItems", "SolutionItems", "{0DA15087-9E5A-44A4-BE06-5656908DC680}"
	ProjectSection(SolutionItems) = preProject
		.gitignore = .gitignore
		README.md = README.md
		EmailIntelligence.Functions\EmailIntelligence.http = EmailIntelligence.Functions\EmailIntelligence.http
		EmailIntelligence.Functions\host.json = EmailIntelligence.Functions\host.json
		EmailIntelligence.Functions\local.settings.json = EmailIntelligence.Functions\local.settings.json
		.github\workflows\main_func-emailintelligence.yml = .github\workflows\main_func-emailintelligence.yml
	EndProjectSection
EndProject
Project("{FAE04EC0-301F-11D3-BF4B-00C04F79EFBC}") = "EmailIntelligence.Tests", "EmailIntelligence.Tests\EmailIntelligence.Tests.csproj", "{06F3850F-F44E-4B18-B9F0-D2D1D4F14E46}"
EndProject
Global
	GlobalSection(SolutionConfigurationPlatforms) = preSolution
		Debug|Any CPU = Debug|Any CPU
		Debug|x64 = Debug|x64
		Debug|x86 = Debug|x86
		Release|Any CPU = Release|Any CPU
		Release|x64 = Release|x64
		Release|x86 = Release|x86
	EndGlobalSection
	GlobalSection(ProjectConfigurationPlatforms) = postSolution
		{44B80527-44BB-4F47-B66E-A8A030E19AA7}.Debug|Any CPU.ActiveCfg = Debug|Any CPU
		{44B80527-44BB-4F47-B66E-A8A030E19AA7}.Debug|Any CPU.Build.0 = Debug|Any CPU
		{44B80527-44BB-4F47-B66E-A8A030E19AA7}.Debug|x64.ActiveCfg = Debug|Any CPU
		{44B80527-44BB-4F47-B66E-A8A030E19AA7}.Debug|x64.Build.0 = Debug|Any CPU
		{44B80527-44BB-4F47-B66E-A8A030E19AA7}.Debug|x86.ActiveCfg = Debug|Any CPU
		{44B80527-44BB-4F47-B66E-A8A030E19AA7}.Debug|x86.Build.0 = Debug|Any CPU
		{44B80527-44BB-4F47-B66E-A8A030E19AA7}.Release|Any CPU.ActiveCfg = Release|Any CPU
		{44B80527-44BB-4F47-B66E-A8A030E19AA7}.Release|Any CPU.Build.0 = Release|Any CPU
		{44B80527-44BB-4F47-B66E-A8A030E19AA7}.Release|x64.ActiveCfg = Release|Any CPU
		{44B80527-44BB-4F47-B66E-A8A030E19AA7}.Release|x64.Build.0 = Release|Any CPU
		{44B80527-44BB-4F47-B66E-A8A030E19AA7}.Release|x86.ActiveCfg = Release|Any CPU
		{44B80527-44BB-4F47-B66E-A8A030E19AA7}.Release|x86.Build.0 = Release|Any CPU
		{E7813885-6221-4C8E-A87D-3F27E5DEEB40}.Debug|Any CPU.ActiveCfg = Debug|Any CPU
		{E7813885-6221-4C8E-A87D-3F27E5DEEB40}.Debug|Any CPU.Build.0 = Debug|Any CPU
		{E7813885-6221-4C8E-A87D-3F27E5DEEB40}.Debug|x64.ActiveCfg = Debug|Any CPU
		{E7813885-6221-4C8E-A87D-3F27E5DEEB40}.Debug|x64.Build.0 = Debug|Any CPU
		{E7813885-6221-4C8E-A87D-3F27E5DEEB40}.Debug|x86.ActiveCfg = Debug|Any CPU
		{E7813885-6221-4C8E-A87D-3F27E5DEEB40}.Debug|x86.Build.0 = Debug|Any CPU
		{E7813885-6221-4C8E-A87D-3F27E5DEEB40}.Release|Any CPU.ActiveCfg = Release|Any CPU
		{E7813885-6221-4C8E-A87D-3F27E5DEEB40}.Release|Any CPU.Build.0 = Release|Any CPU
		{E7813885-6221-4C8E-A87D-3F27E5DEEB40}.Release|x64.ActiveCfg = Release|Any CPU
		{E7813885-6221-4C8E-A87D-3F27E5DEEB40}.Release|x64.Build.0 = Release|Any CPU
		{E7813885-6221-4C8E-A87D-3F27E5DEEB40}.Release|x86.ActiveCfg = Release|Any CPU
		{E7813885-6221-4C8E-A87D-3F27E5DEEB40}.Release|x86.Build.0 = Release|Any CPU
		{CC27DB09-66FC-487A-9167-DDC81CEEF69A}.Debug|Any CPU.ActiveCfg = Debug|Any CPU
		{CC27DB09-66FC-487A-9167-DDC81CEEF69A}.Debug|Any CPU.Build.0 = Debug|Any CPU
		{CC27DB09-66FC-487A-9167-DDC81CEEF69A}.Debug|x64.ActiveCfg = Debug|Any CPU
		{CC27DB09-66FC-487A-9167-DDC81CEEF69A}.Debug|x64.Build.0 = Debug|Any CPU
		{CC27DB09-66FC-487A-9167-DDC81CEEF69A}.Debug|x86.ActiveCfg = Debug|Any CPU
		{CC27DB09-66FC-487A-9167-DDC81CEEF69A}.Debug|x86.Build.0 = Debug|Any CPU
		{CC27DB09-66FC-487A-9167-DDC81CEEF69A}.Release|Any CPU.ActiveCfg = Release|Any CPU
		{CC27DB09-66FC-487A-9167-DDC81CEEF69A}.Release|Any CPU.Build.0 = Release|Any CPU
		{CC27DB09-66FC-487A-9167-DDC81CEEF69A}.Release|x64.ActiveCfg = Release|Any CPU
		{CC27DB09-66FC-487A-9167-DDC81CEEF69A}.Release|x64.Build.0 = Release|Any CPU
		{CC27DB09-66FC-487A-9167-DDC81CEEF69A}.Release|x86.ActiveCfg = Release|Any CPU
		{CC27DB09-66FC-487A-9167-DDC81CEEF69A}.Release|x86.Build.0 = Release|Any CPU
		{06F3850F-F44E-4B18-B9F0-D2D1D4F14E46}.Debug|Any CPU.ActiveCfg = Debug|Any CPU
		{06F3850F-F44E-4B18-B9F0-D2D1D4F14E46}.Debug|Any CPU.Build.0 = Debug|Any CPU
		{06F3850F-F44E-4B18-B9F0-D2D1D4F14E46}.Debug|x64.ActiveCfg = Debug|Any CPU
		{06F3850F-F44E-4B18-B9F0-D2D1D4F14E46}.Debug|x64.Build.0 = Debug|Any CPU
		{06F3850F-F44E-4B18-B9F0-D2D1D4F14E46}.Debug|x86.ActiveCfg = Debug|Any CPU
		{06F3850F-F44E-4B18-B9F0-D2D1D4F14E46}.Debug|x86.Build.0 = Debug|Any CPU
		{06F3850F-F44E-4B18-B9F0-D2D1D4F14E46}.Release|Any CPU.ActiveCfg = Release|Any CPU
		{06F3850F-F44E-4B18-B9F0-D2D1D4F14E46}.Release|Any CPU.Build.0 = Release|Any CPU
		{06F3850F-F44E-4B18-B9F0-D2D1D4F14E46}.Release|x64.ActiveCfg = Release|Any CPU
		{06F3850F-F44E-4B18-B9F0-D2D1D4F14E46}.Release|x64.Build.0 = Release|Any CPU
		{06F3850F-F44E-4B18-B9F0-D2D1D4F14E46}.Release|x86.ActiveCfg = Release|Any CPU
		{06F3850F-F44E-4B18-B9F0-D2D1D4F14E46}.Release|x86.Build.0 = Release|Any CPU
	EndGlobalSection
	GlobalSection(SolutionProperties) = preSolution
		HideSolutionNode = FALSE
	EndGlobalSection
EndGlobal
